
Microsoft Visual Studio Solution File, Format Version 12.00
# Visual Studio 15
VisualStudioVersion = 15.0.27130.2036
MinimumVisualStudioVersion = 10.0.40219.1
Project("{FAE04EC0-301F-11D3-BF4B-00C04F79EFBC}") = "StringCalculator.App", "StringCalculator.App\StringCalculator.App.csproj", "{9776AEC0-F50D-4BD3-80B9-2EBCDA52F3FB}"
EndProject
Project("{FAE04EC0-301F-11D3-BF4B-00C04F79EFBC}") = "StringCalculator.Tests", "StringCalculator.Tests\StringCalculator.Tests.csproj", "{DA5AA456-45DF-45F2-980D-979988CAE18D}"
	ProjectSection(ProjectDependencies) = postProject
		{9776AEC0-F50D-4BD3-80B9-2EBCDA52F3FB} = {9776AEC0-F50D-4BD3-80B9-2EBCDA52F3FB}
	EndProjectSection
EndProject
Global
	GlobalSection(SolutionConfigurationPlatforms) = preSolution
		Debug|Any CPU = Debug|Any CPU
		Release|Any CPU = Release|Any CPU
	EndGlobalSection
	GlobalSection(ProjectConfigurationPlatforms) = postSolution
		{9776AEC0-F50D-4BD3-80B9-2EBCDA52F3FB}.Debug|Any CPU.ActiveCfg = Debug|Any CPU
		{9776AEC0-F50D-4BD3-80B9-2EBCDA52F3FB}.Debug|Any CPU.Build.0 = Debug|Any CPU
		{9776AEC0-F50D-4BD3-80B9-2EBCDA52F3FB}.Release|Any CPU.ActiveCfg = Release|Any CPU
		{9776AEC0-F50D-4BD3-80B9-2EBCDA52F3FB}.Release|Any CPU.Build.0 = Release|Any CPU
		{DA5AA456-45DF-45F2-980D-979988CAE18D}.Debug|Any CPU.ActiveCfg = Debug|Any CPU
		{DA5AA456-45DF-45F2-980D-979988CAE18D}.Debug|Any CPU.Build.0 = Debug|Any CPU
		{DA5AA456-45DF-45F2-980D-979988CAE18D}.Release|Any CPU.ActiveCfg = Release|Any CPU
		{DA5AA456-45DF-45F2-980D-979988CAE18D}.Release|Any CPU.Build.0 = Release|Any CPU
	EndGlobalSection
	GlobalSection(SolutionProperties) = preSolution
		HideSolutionNode = FALSE
	EndGlobalSection
	GlobalSection(ExtensibilityGlobals) = postSolution
		SolutionGuid = {E0094103-18E7-4D05-BA5A-5B4D89729A8F}
	EndGlobalSection
EndGlobal
